// !$*UTF8*$!
{
	archiveVersion = 1;
	classes = {
	};
	objectVersion = 46;
	objects = {

/* Begin PBXBuildFile section */
		04AD4A4B1DEF6B0400204E19 /* PickRestarauntViewController.swift in Sources */ = {isa = PBXBuildFile; fileRef = 04AD4A4A1DEF6B0400204E19 /* PickRestarauntViewController.swift */; };
		04ED30CC1DEF9382001150BE /* PickFoodViewController.swift in Sources */ = {isa = PBXBuildFile; fileRef = 04ED30CB1DEF9382001150BE /* PickFoodViewController.swift */; };
		238E09284C63B69666709B25 /* Pods_BlockTrader.framework in Frameworks */ = {isa = PBXBuildFile; fileRef = 67F28637A781D397010DA945 /* Pods_BlockTrader.framework */; };
		7B07808D1DF093FD00AC4EE5 /* account_landing.png in Resources */ = {isa = PBXBuildFile; fileRef = 7B07808C1DF093FD00AC4EE5 /* account_landing.png */; };
		7B07808F1DF0ADA200AC4EE5 /* GatheringDelivererViewController.swift in Sources */ = {isa = PBXBuildFile; fileRef = 7B07808E1DF0ADA200AC4EE5 /* GatheringDelivererViewController.swift */; };
		7B0780911DF113C900AC4EE5 /* SellerViewTableViewCell.swift in Sources */ = {isa = PBXBuildFile; fileRef = 7B0780901DF113C900AC4EE5 /* SellerViewTableViewCell.swift */; };
		7B0780931DF134D800AC4EE5 /* BackendClient.swift in Sources */ = {isa = PBXBuildFile; fileRef = 7B0780921DF134D800AC4EE5 /* BackendClient.swift */; };
		7B0780951DF1CD5900AC4EE5 /* OrderInfoViewController.swift in Sources */ = {isa = PBXBuildFile; fileRef = 7B0780941DF1CD5900AC4EE5 /* OrderInfoViewController.swift */; };
		7B18C7A41DEF223E006FD068 /* main_page.png in Resources */ = {isa = PBXBuildFile; fileRef = 7B18C7A31DEF223E006FD068 /* main_page.png */; };
		7B18C7A61DEF5113006FD068 /* checking_customer_info.png in Resources */ = {isa = PBXBuildFile; fileRef = 7B18C7A51DEF5113006FD068 /* checking_customer_info.png */; };
		7B18C7A81DEF51E6006FD068 /* GatheringInfoViewController.swift in Sources */ = {isa = PBXBuildFile; fileRef = 7B18C7A71DEF51E6006FD068 /* GatheringInfoViewController.swift */; };
		7B18C7AA1DEF55F3006FD068 /* cc_input.png in Resources */ = {isa = PBXBuildFile; fileRef = 7B18C7A91DEF55F3006FD068 /* cc_input.png */; };
		7B18C7AC1DEF57CC006FD068 /* gathering_deliverer_info.png in Resources */ = {isa = PBXBuildFile; fileRef = 7B18C7AB1DEF57CC006FD068 /* gathering_deliverer_info.png */; };
		7B18C7B61DEFAEB1006FD068 /* auth_stripe_page.png in Resources */ = {isa = PBXBuildFile; fileRef = 7B18C7B51DEFAEB1006FD068 /* auth_stripe_page.png */; };
		7B271BA81DE9E6B10078C097 /* MyAPIClient.swift in Sources */ = {isa = PBXBuildFile; fileRef = 7B271BA71DE9E6B10078C097 /* MyAPIClient.swift */; };
		7B271BAA1DE9E8290078C097 /* Networking.swift in Sources */ = {isa = PBXBuildFile; fileRef = 7B271BA91DE9E8290078C097 /* Networking.swift */; };
		7B271BAE1DE9F94D0078C097 /* OrderFormViewController.swift in Sources */ = {isa = PBXBuildFile; fileRef = 7B271BAD1DE9F94D0078C097 /* OrderFormViewController.swift */; };
		7B271BB01DEB486A0078C097 /* MainSellerViewController.swift in Sources */ = {isa = PBXBuildFile; fileRef = 7B271BAF1DEB486A0078C097 /* MainSellerViewController.swift */; };
		7B271BB61DECBBD80078C097 /* OrderConfirmationViewController.swift in Sources */ = {isa = PBXBuildFile; fileRef = 7B271BB51DECBBD80078C097 /* OrderConfirmationViewController.swift */; };
		7B271BB81DECD5E50078C097 /* OpenOrdersTableViewController.swift in Sources */ = {isa = PBXBuildFile; fileRef = 7B271BB71DECD5E50078C097 /* OpenOrdersTableViewController.swift */; };
		7B271BBB1DEE19DA0078C097 /* loading_screen.png in Resources */ = {isa = PBXBuildFile; fileRef = 7B271BBA1DEE19DA0078C097 /* loading_screen.png */; };
		7B271BBD1DEE1D670078C097 /* main_screen.png in Resources */ = {isa = PBXBuildFile; fileRef = 7B271BBC1DEE1D670078C097 /* main_screen.png */; };
		7B271BBF1DEE24230078C097 /* BT_short.png in Resources */ = {isa = PBXBuildFile; fileRef = 7B271BBE1DEE24230078C097 /* BT_short.png */; };
		7B271BC11DEE27F10078C097 /* loading_screen.png in Resources */ = {isa = PBXBuildFile; fileRef = 7B271BC01DEE27F10078C097 /* loading_screen.png */; };
		7B9F058F1DE8DC1F00E98C5C /* AppDelegate.swift in Sources */ = {isa = PBXBuildFile; fileRef = 7B9F058E1DE8DC1F00E98C5C /* AppDelegate.swift */; };
		7B9F05911DE8DC1F00E98C5C /* ViewController.swift in Sources */ = {isa = PBXBuildFile; fileRef = 7B9F05901DE8DC1F00E98C5C /* ViewController.swift */; };
		7B9F05941DE8DC1F00E98C5C /* Main.storyboard in Resources */ = {isa = PBXBuildFile; fileRef = 7B9F05921DE8DC1F00E98C5C /* Main.storyboard */; };
		7B9F05971DE8DC1F00E98C5C /* BlockTrader.xcdatamodeld in Sources */ = {isa = PBXBuildFile; fileRef = 7B9F05951DE8DC1F00E98C5C /* BlockTrader.xcdatamodeld */; };
		7B9F05991DE8DC1F00E98C5C /* Assets.xcassets in Resources */ = {isa = PBXBuildFile; fileRef = 7B9F05981DE8DC1F00E98C5C /* Assets.xcassets */; };
		7B9F059C1DE8DC1F00E98C5C /* LaunchScreen.storyboard in Resources */ = {isa = PBXBuildFile; fileRef = 7B9F059A1DE8DC1F00E98C5C /* LaunchScreen.storyboard */; };
		7B9F05A71DE8DC2000E98C5C /* BlockTraderTests.swift in Sources */ = {isa = PBXBuildFile; fileRef = 7B9F05A61DE8DC2000E98C5C /* BlockTraderTests.swift */; };
		7B9F05B21DE8DC2000E98C5C /* BlockTraderUITests.swift in Sources */ = {isa = PBXBuildFile; fileRef = 7B9F05B11DE8DC2000E98C5C /* BlockTraderUITests.swift */; };
		7B9F05C01DE8DE5200E98C5C /* MainPageViewController.swift in Sources */ = {isa = PBXBuildFile; fileRef = 7B9F05BF1DE8DE5200E98C5C /* MainPageViewController.swift */; };
		7B9F05C31DE9E38D00E98C5C /* CardViewController.swift in Sources */ = {isa = PBXBuildFile; fileRef = 7B9F05C21DE9E38D00E98C5C /* CardViewController.swift */; };
		7B9F05C51DE9E3F900E98C5C /* StripeAccountViewController.swift in Sources */ = {isa = PBXBuildFile; fileRef = 7B9F05C41DE9E3F900E98C5C /* StripeAccountViewController.swift */; };
		7BBA83621DF2153400B71EDA /* SellerGoingViewController.swift in Sources */ = {isa = PBXBuildFile; fileRef = 7BBA83611DF2153400B71EDA /* SellerGoingViewController.swift */; };
/* End PBXBuildFile section */

/* Begin PBXContainerItemProxy section */
		7B9F05A31DE8DC2000E98C5C /* PBXContainerItemProxy */ = {
			isa = PBXContainerItemProxy;
			containerPortal = 7B9F05831DE8DC1F00E98C5C /* Project object */;
			proxyType = 1;
			remoteGlobalIDString = 7B9F058A1DE8DC1F00E98C5C;
			remoteInfo = BlockTrader;
		};
		7B9F05AE1DE8DC2000E98C5C /* PBXContainerItemProxy */ = {
			isa = PBXContainerItemProxy;
			containerPortal = 7B9F05831DE8DC1F00E98C5C /* Project object */;
			proxyType = 1;
			remoteGlobalIDString = 7B9F058A1DE8DC1F00E98C5C;
			remoteInfo = BlockTrader;
		};
/* End PBXContainerItemProxy section */

/* Begin PBXFileReference section */
		04AD4A4A1DEF6B0400204E19 /* PickRestarauntViewController.swift */ = {isa = PBXFileReference; fileEncoding = 4; lastKnownFileType = sourcecode.swift; path = PickRestarauntViewController.swift; sourceTree = "<group>"; };
		04ED30CB1DEF9382001150BE /* PickFoodViewController.swift */ = {isa = PBXFileReference; fileEncoding = 4; lastKnownFileType = sourcecode.swift; path = PickFoodViewController.swift; sourceTree = "<group>"; };
		67F28637A781D397010DA945 /* Pods_BlockTrader.framework */ = {isa = PBXFileReference; explicitFileType = wrapper.framework; includeInIndex = 0; path = Pods_BlockTrader.framework; sourceTree = BUILT_PRODUCTS_DIR; };
		7B07808C1DF093FD00AC4EE5 /* account_landing.png */ = {isa = PBXFileReference; lastKnownFileType = image.png; path = account_landing.png; sourceTree = "<group>"; };
		7B07808E1DF0ADA200AC4EE5 /* GatheringDelivererViewController.swift */ = {isa = PBXFileReference; fileEncoding = 4; lastKnownFileType = sourcecode.swift; path = GatheringDelivererViewController.swift; sourceTree = "<group>"; };
		7B0780901DF113C900AC4EE5 /* SellerViewTableViewCell.swift */ = {isa = PBXFileReference; fileEncoding = 4; lastKnownFileType = sourcecode.swift; path = SellerViewTableViewCell.swift; sourceTree = "<group>"; };
		7B0780921DF134D800AC4EE5 /* BackendClient.swift */ = {isa = PBXFileReference; fileEncoding = 4; lastKnownFileType = sourcecode.swift; path = BackendClient.swift; sourceTree = "<group>"; };
		7B0780941DF1CD5900AC4EE5 /* OrderInfoViewController.swift */ = {isa = PBXFileReference; fileEncoding = 4; lastKnownFileType = sourcecode.swift; path = OrderInfoViewController.swift; sourceTree = "<group>"; };
		7B0780961DF1E28100AC4EE5 /* alamofireTest.playground */ = {isa = PBXFileReference; lastKnownFileType = file.playground; path = alamofireTest.playground; sourceTree = "<group>"; };
		7B18C7A31DEF223E006FD068 /* main_page.png */ = {isa = PBXFileReference; lastKnownFileType = image.png; path = main_page.png; sourceTree = "<group>"; };
		7B18C7A51DEF5113006FD068 /* checking_customer_info.png */ = {isa = PBXFileReference; lastKnownFileType = image.png; path = checking_customer_info.png; sourceTree = "<group>"; };
		7B18C7A71DEF51E6006FD068 /* GatheringInfoViewController.swift */ = {isa = PBXFileReference; fileEncoding = 4; lastKnownFileType = sourcecode.swift; path = GatheringInfoViewController.swift; sourceTree = "<group>"; };
		7B18C7A91DEF55F3006FD068 /* cc_input.png */ = {isa = PBXFileReference; lastKnownFileType = image.png; path = cc_input.png; sourceTree = "<group>"; };
		7B18C7AB1DEF57CC006FD068 /* gathering_deliverer_info.png */ = {isa = PBXFileReference; lastKnownFileType = image.png; path = gathering_deliverer_info.png; sourceTree = "<group>"; };
		7B18C7B51DEFAEB1006FD068 /* auth_stripe_page.png */ = {isa = PBXFileReference; lastKnownFileType = image.png; path = auth_stripe_page.png; sourceTree = "<group>"; };
		7B271BA71DE9E6B10078C097 /* MyAPIClient.swift */ = {isa = PBXFileReference; fileEncoding = 4; lastKnownFileType = sourcecode.swift; path = MyAPIClient.swift; sourceTree = "<group>"; };
		7B271BA91DE9E8290078C097 /* Networking.swift */ = {isa = PBXFileReference; fileEncoding = 4; lastKnownFileType = sourcecode.swift; path = Networking.swift; sourceTree = "<group>"; };
		7B271BAD1DE9F94D0078C097 /* OrderFormViewController.swift */ = {isa = PBXFileReference; fileEncoding = 4; lastKnownFileType = sourcecode.swift; path = OrderFormViewController.swift; sourceTree = "<group>"; };
		7B271BAF1DEB486A0078C097 /* MainSellerViewController.swift */ = {isa = PBXFileReference; fileEncoding = 4; lastKnownFileType = sourcecode.swift; path = MainSellerViewController.swift; sourceTree = "<group>"; };
		7B271BB51DECBBD80078C097 /* OrderConfirmationViewController.swift */ = {isa = PBXFileReference; fileEncoding = 4; lastKnownFileType = sourcecode.swift; path = OrderConfirmationViewController.swift; sourceTree = "<group>"; };
		7B271BB71DECD5E50078C097 /* OpenOrdersTableViewController.swift */ = {isa = PBXFileReference; fileEncoding = 4; lastKnownFileType = sourcecode.swift; path = OpenOrdersTableViewController.swift; sourceTree = "<group>"; };
		7B271BBA1DEE19DA0078C097 /* loading_screen.png */ = {isa = PBXFileReference; lastKnownFileType = image.png; path = loading_screen.png; sourceTree = "<group>"; };
		7B271BBC1DEE1D670078C097 /* main_screen.png */ = {isa = PBXFileReference; lastKnownFileType = image.png; path = main_screen.png; sourceTree = "<group>"; };
		7B271BBE1DEE24230078C097 /* BT_short.png */ = {isa = PBXFileReference; lastKnownFileType = image.png; path = BT_short.png; sourceTree = "<group>"; };
		7B271BC01DEE27F10078C097 /* loading_screen.png */ = {isa = PBXFileReference; lastKnownFileType = image.png; name = loading_screen.png; path = ../loading_screen.png; sourceTree = "<group>"; };
		7B9F058B1DE8DC1F00E98C5C /* BlockTrader.app */ = {isa = PBXFileReference; explicitFileType = wrapper.application; includeInIndex = 0; path = BlockTrader.app; sourceTree = BUILT_PRODUCTS_DIR; };
		7B9F058E1DE8DC1F00E98C5C /* AppDelegate.swift */ = {isa = PBXFileReference; lastKnownFileType = sourcecode.swift; path = AppDelegate.swift; sourceTree = "<group>"; };
		7B9F05901DE8DC1F00E98C5C /* ViewController.swift */ = {isa = PBXFileReference; lastKnownFileType = sourcecode.swift; path = ViewController.swift; sourceTree = "<group>"; };
		7B9F05931DE8DC1F00E98C5C /* Base */ = {isa = PBXFileReference; lastKnownFileType = file.storyboard; name = Base; path = Base.lproj/Main.storyboard; sourceTree = "<group>"; };
		7B9F05961DE8DC1F00E98C5C /* BlockTrader.xcdatamodel */ = {isa = PBXFileReference; lastKnownFileType = wrapper.xcdatamodel; path = BlockTrader.xcdatamodel; sourceTree = "<group>"; };
		7B9F05981DE8DC1F00E98C5C /* Assets.xcassets */ = {isa = PBXFileReference; lastKnownFileType = folder.assetcatalog; path = Assets.xcassets; sourceTree = "<group>"; };
		7B9F059B1DE8DC1F00E98C5C /* Base */ = {isa = PBXFileReference; lastKnownFileType = file.storyboard; name = Base; path = Base.lproj/LaunchScreen.storyboard; sourceTree = "<group>"; };
		7B9F059D1DE8DC1F00E98C5C /* Info.plist */ = {isa = PBXFileReference; lastKnownFileType = text.plist.xml; path = Info.plist; sourceTree = "<group>"; };
		7B9F05A21DE8DC2000E98C5C /* BlockTraderTests.xctest */ = {isa = PBXFileReference; explicitFileType = wrapper.cfbundle; includeInIndex = 0; path = BlockTraderTests.xctest; sourceTree = BUILT_PRODUCTS_DIR; };
		7B9F05A61DE8DC2000E98C5C /* BlockTraderTests.swift */ = {isa = PBXFileReference; lastKnownFileType = sourcecode.swift; path = BlockTraderTests.swift; sourceTree = "<group>"; };
		7B9F05A81DE8DC2000E98C5C /* Info.plist */ = {isa = PBXFileReference; lastKnownFileType = text.plist.xml; path = Info.plist; sourceTree = "<group>"; };
		7B9F05AD1DE8DC2000E98C5C /* BlockTraderUITests.xctest */ = {isa = PBXFileReference; explicitFileType = wrapper.cfbundle; includeInIndex = 0; path = BlockTraderUITests.xctest; sourceTree = BUILT_PRODUCTS_DIR; };
		7B9F05B11DE8DC2000E98C5C /* BlockTraderUITests.swift */ = {isa = PBXFileReference; lastKnownFileType = sourcecode.swift; path = BlockTraderUITests.swift; sourceTree = "<group>"; };
		7B9F05B31DE8DC2000E98C5C /* Info.plist */ = {isa = PBXFileReference; lastKnownFileType = text.plist.xml; path = Info.plist; sourceTree = "<group>"; };
		7B9F05BF1DE8DE5200E98C5C /* MainPageViewController.swift */ = {isa = PBXFileReference; fileEncoding = 4; lastKnownFileType = sourcecode.swift; path = MainPageViewController.swift; sourceTree = "<group>"; };
		7B9F05C11DE8E6DE00E98C5C /* BlockTrader.entitlements */ = {isa = PBXFileReference; lastKnownFileType = text.plist.entitlements; path = BlockTrader.entitlements; sourceTree = "<group>"; };
		7B9F05C21DE9E38D00E98C5C /* CardViewController.swift */ = {isa = PBXFileReference; fileEncoding = 4; lastKnownFileType = sourcecode.swift; path = CardViewController.swift; sourceTree = "<group>"; };
		7B9F05C41DE9E3F900E98C5C /* StripeAccountViewController.swift */ = {isa = PBXFileReference; fileEncoding = 4; lastKnownFileType = sourcecode.swift; path = StripeAccountViewController.swift; sourceTree = "<group>"; };
		7BBA83611DF2153400B71EDA /* SellerGoingViewController.swift */ = {isa = PBXFileReference; fileEncoding = 4; lastKnownFileType = sourcecode.swift; path = SellerGoingViewController.swift; sourceTree = "<group>"; };
		ABCA6FAE95BD0BF9547C1188 /* Pods-BlockTrader.release.xcconfig */ = {isa = PBXFileReference; includeInIndex = 1; lastKnownFileType = text.xcconfig; name = "Pods-BlockTrader.release.xcconfig"; path = "Pods/Target Support Files/Pods-BlockTrader/Pods-BlockTrader.release.xcconfig"; sourceTree = "<group>"; };
		FD7BF3B1C780988A5672A68E /* Pods-BlockTrader.debug.xcconfig */ = {isa = PBXFileReference; includeInIndex = 1; lastKnownFileType = text.xcconfig; name = "Pods-BlockTrader.debug.xcconfig"; path = "Pods/Target Support Files/Pods-BlockTrader/Pods-BlockTrader.debug.xcconfig"; sourceTree = "<group>"; };
/* End PBXFileReference section */

/* Begin PBXFrameworksBuildPhase section */
		7B9F05881DE8DC1F00E98C5C /* Frameworks */ = {
			isa = PBXFrameworksBuildPhase;
			buildActionMask = 2147483647;
			files = (
				238E09284C63B69666709B25 /* Pods_BlockTrader.framework in Frameworks */,
			);
			runOnlyForDeploymentPostprocessing = 0;
		};
		7B9F059F1DE8DC2000E98C5C /* Frameworks */ = {
			isa = PBXFrameworksBuildPhase;
			buildActionMask = 2147483647;
			files = (
			);
			runOnlyForDeploymentPostprocessing = 0;
		};
		7B9F05AA1DE8DC2000E98C5C /* Frameworks */ = {
			isa = PBXFrameworksBuildPhase;
			buildActionMask = 2147483647;
			files = (
			);
			runOnlyForDeploymentPostprocessing = 0;
		};
/* End PBXFrameworksBuildPhase section */

/* Begin PBXGroup section */
		68E55345F40DD475B8FB1411 /* Frameworks */ = {
			isa = PBXGroup;
			children = (
				67F28637A781D397010DA945 /* Pods_BlockTrader.framework */,
			);
			name = Frameworks;
			sourceTree = "<group>";
		};
		7B18C7AD1DEF58DC006FD068 /* Images */ = {
			isa = PBXGroup;
			children = (
				7B07808C1DF093FD00AC4EE5 /* account_landing.png */,
				7B18C7B51DEFAEB1006FD068 /* auth_stripe_page.png */,
				7B271BBA1DEE19DA0078C097 /* loading_screen.png */,
				7B271BBC1DEE1D670078C097 /* main_screen.png */,
				7B271BBE1DEE24230078C097 /* BT_short.png */,
				7B18C7AB1DEF57CC006FD068 /* gathering_deliverer_info.png */,
				7B18C7A91DEF55F3006FD068 /* cc_input.png */,
				7B18C7A51DEF5113006FD068 /* checking_customer_info.png */,
				7B18C7A31DEF223E006FD068 /* main_page.png */,
				7B271BC01DEE27F10078C097 /* loading_screen.png */,
			);
			name = Images;
			sourceTree = "<group>";
		};
		7B18C7AE1DEF58FD006FD068 /* ViewControllers */ = {
			isa = PBXGroup;
			children = (
				7B9F05901DE8DC1F00E98C5C /* ViewController.swift */,
				7B18C7B71DF06D5C006FD068 /* Buyer View Controllers */,
				7B18C7B81DF06DC6006FD068 /* Seller View Controllers */,
				7B9F05BF1DE8DE5200E98C5C /* MainPageViewController.swift */,
			);
			name = ViewControllers;
			sourceTree = "<group>";
		};
		7B18C7AF1DEF5927006FD068 /* API Clients */ = {
			isa = PBXGroup;
			children = (
				7B271BA71DE9E6B10078C097 /* MyAPIClient.swift */,
				7B0780921DF134D800AC4EE5 /* BackendClient.swift */,
			);
			name = "API Clients";
			sourceTree = "<group>";
		};
		7B18C7B01DEF5934006FD068 /* Network Extensions */ = {
			isa = PBXGroup;
			children = (
				7B271BA91DE9E8290078C097 /* Networking.swift */,
			);
			name = "Network Extensions";
			sourceTree = "<group>";
		};
		7B18C7B11DEF594A006FD068 /* Storyboards */ = {
			isa = PBXGroup;
			children = (
				7B9F05921DE8DC1F00E98C5C /* Main.storyboard */,
				7B9F059A1DE8DC1F00E98C5C /* LaunchScreen.storyboard */,
			);
			name = Storyboards;
			sourceTree = "<group>";
		};
		7B18C7B71DF06D5C006FD068 /* Buyer View Controllers */ = {
			isa = PBXGroup;
			children = (
				7B271BAD1DE9F94D0078C097 /* OrderFormViewController.swift */,
				7B18C7A71DEF51E6006FD068 /* GatheringInfoViewController.swift */,
				04ED30CB1DEF9382001150BE /* PickFoodViewController.swift */,
				7B271BB51DECBBD80078C097 /* OrderConfirmationViewController.swift */,
				04AD4A4A1DEF6B0400204E19 /* PickRestarauntViewController.swift */,
				7B9F05C21DE9E38D00E98C5C /* CardViewController.swift */,
			);
			name = "Buyer View Controllers";
			sourceTree = "<group>";
		};
		7B18C7B81DF06DC6006FD068 /* Seller View Controllers */ = {
			isa = PBXGroup;
			children = (
				7B271BAF1DEB486A0078C097 /* MainSellerViewController.swift */,
				7B9F05C41DE9E3F900E98C5C /* StripeAccountViewController.swift */,
				7B271BB71DECD5E50078C097 /* OpenOrdersTableViewController.swift */,
				7B07808E1DF0ADA200AC4EE5 /* GatheringDelivererViewController.swift */,
				7B0780901DF113C900AC4EE5 /* SellerViewTableViewCell.swift */,
				7B0780941DF1CD5900AC4EE5 /* OrderInfoViewController.swift */,
				7BBA83611DF2153400B71EDA /* SellerGoingViewController.swift */,
			);
			name = "Seller View Controllers";
			sourceTree = "<group>";
		};
		7B9F05821DE8DC1F00E98C5C = {
			isa = PBXGroup;
			children = (
				7B9F058D1DE8DC1F00E98C5C /* BlockTrader */,
				7B9F05A51DE8DC2000E98C5C /* BlockTraderTests */,
				7B9F05B01DE8DC2000E98C5C /* BlockTraderUITests */,
				7B9F058C1DE8DC1F00E98C5C /* Products */,
				7CEDE93E07BB2AFF239FF2E2 /* Pods */,
				68E55345F40DD475B8FB1411 /* Frameworks */,
			);
			sourceTree = "<group>";
		};
		7B9F058C1DE8DC1F00E98C5C /* Products */ = {
			isa = PBXGroup;
			children = (
				7B9F058B1DE8DC1F00E98C5C /* BlockTrader.app */,
				7B9F05A21DE8DC2000E98C5C /* BlockTraderTests.xctest */,
				7B9F05AD1DE8DC2000E98C5C /* BlockTraderUITests.xctest */,
			);
			name = Products;
			sourceTree = "<group>";
		};
		7B9F058D1DE8DC1F00E98C5C /* BlockTrader */ = {
			isa = PBXGroup;
			children = (
				7B18C7AF1DEF5927006FD068 /* API Clients */,
				7B18C7AD1DEF58DC006FD068 /* Images */,
				7B18C7B01DEF5934006FD068 /* Network Extensions */,
				7B18C7B11DEF594A006FD068 /* Storyboards */,
				7B18C7AE1DEF58FD006FD068 /* ViewControllers */,
				7B9F05C11DE8E6DE00E98C5C /* BlockTrader.entitlements */,
				7B9F058E1DE8DC1F00E98C5C /* AppDelegate.swift */,
				7B9F05981DE8DC1F00E98C5C /* Assets.xcassets */,
				7B9F059D1DE8DC1F00E98C5C /* Info.plist */,
				7B9F05951DE8DC1F00E98C5C /* BlockTrader.xcdatamodeld */,
				7B0780961DF1E28100AC4EE5 /* alamofireTest.playground */,
			);
			path = BlockTrader;
			sourceTree = "<group>";
		};
		7B9F05A51DE8DC2000E98C5C /* BlockTraderTests */ = {
			isa = PBXGroup;
			children = (
				7B9F05A61DE8DC2000E98C5C /* BlockTraderTests.swift */,
				7B9F05A81DE8DC2000E98C5C /* Info.plist */,
			);
			path = BlockTraderTests;
			sourceTree = "<group>";
		};
		7B9F05B01DE8DC2000E98C5C /* BlockTraderUITests */ = {
			isa = PBXGroup;
			children = (
				7B9F05B11DE8DC2000E98C5C /* BlockTraderUITests.swift */,
				7B9F05B31DE8DC2000E98C5C /* Info.plist */,
			);
			path = BlockTraderUITests;
			sourceTree = "<group>";
		};
		7CEDE93E07BB2AFF239FF2E2 /* Pods */ = {
			isa = PBXGroup;
			children = (
				FD7BF3B1C780988A5672A68E /* Pods-BlockTrader.debug.xcconfig */,
				ABCA6FAE95BD0BF9547C1188 /* Pods-BlockTrader.release.xcconfig */,
			);
			name = Pods;
			sourceTree = "<group>";
		};
/* End PBXGroup section */

/* Begin PBXNativeTarget section */
		7B9F058A1DE8DC1F00E98C5C /* BlockTrader */ = {
			isa = PBXNativeTarget;
			buildConfigurationList = 7B9F05B61DE8DC2000E98C5C /* Build configuration list for PBXNativeTarget "BlockTrader" */;
			buildPhases = (
				BEF9EC00B7733833F291178F /* [CP] Check Pods Manifest.lock */,
				7B9F05871DE8DC1F00E98C5C /* Sources */,
				7B9F05881DE8DC1F00E98C5C /* Frameworks */,
				7B9F05891DE8DC1F00E98C5C /* Resources */,
				C624180976505B0B1643655D /* [CP] Embed Pods Frameworks */,
				C091D4B394162163734B7064 /* [CP] Copy Pods Resources */,
			);
			buildRules = (
			);
			dependencies = (
			);
			name = BlockTrader;
			productName = BlockTrader;
			productReference = 7B9F058B1DE8DC1F00E98C5C /* BlockTrader.app */;
			productType = "com.apple.product-type.application";
		};
		7B9F05A11DE8DC2000E98C5C /* BlockTraderTests */ = {
			isa = PBXNativeTarget;
			buildConfigurationList = 7B9F05B91DE8DC2000E98C5C /* Build configuration list for PBXNativeTarget "BlockTraderTests" */;
			buildPhases = (
				7B9F059E1DE8DC2000E98C5C /* Sources */,
				7B9F059F1DE8DC2000E98C5C /* Frameworks */,
				7B9F05A01DE8DC2000E98C5C /* Resources */,
			);
			buildRules = (
			);
			dependencies = (
				7B9F05A41DE8DC2000E98C5C /* PBXTargetDependency */,
			);
			name = BlockTraderTests;
			productName = BlockTraderTests;
			productReference = 7B9F05A21DE8DC2000E98C5C /* BlockTraderTests.xctest */;
			productType = "com.apple.product-type.bundle.unit-test";
		};
		7B9F05AC1DE8DC2000E98C5C /* BlockTraderUITests */ = {
			isa = PBXNativeTarget;
			buildConfigurationList = 7B9F05BC1DE8DC2000E98C5C /* Build configuration list for PBXNativeTarget "BlockTraderUITests" */;
			buildPhases = (
				7B9F05A91DE8DC2000E98C5C /* Sources */,
				7B9F05AA1DE8DC2000E98C5C /* Frameworks */,
				7B9F05AB1DE8DC2000E98C5C /* Resources */,
			);
			buildRules = (
			);
			dependencies = (
				7B9F05AF1DE8DC2000E98C5C /* PBXTargetDependency */,
			);
			name = BlockTraderUITests;
			productName = BlockTraderUITests;
			productReference = 7B9F05AD1DE8DC2000E98C5C /* BlockTraderUITests.xctest */;
			productType = "com.apple.product-type.bundle.ui-testing";
		};
/* End PBXNativeTarget section */

/* Begin PBXProject section */
		7B9F05831DE8DC1F00E98C5C /* Project object */ = {
			isa = PBXProject;
			attributes = {
				LastSwiftUpdateCheck = 0810;
				LastUpgradeCheck = 0810;
				ORGANIZATIONNAME = "Jordan Stapinski";
				TargetAttributes = {
					7B9F058A1DE8DC1F00E98C5C = {
						CreatedOnToolsVersion = 8.1;
						DevelopmentTeam = 5WF6BNBUAU;
						ProvisioningStyle = Automatic;
						SystemCapabilities = {
							com.apple.Keychain = {
								enabled = 1;
							};
						};
					};
					7B9F05A11DE8DC2000E98C5C = {
						CreatedOnToolsVersion = 8.1;
						ProvisioningStyle = Automatic;
						TestTargetID = 7B9F058A1DE8DC1F00E98C5C;
					};
					7B9F05AC1DE8DC2000E98C5C = {
						CreatedOnToolsVersion = 8.1;
						ProvisioningStyle = Automatic;
						TestTargetID = 7B9F058A1DE8DC1F00E98C5C;
					};
				};
			};
			buildConfigurationList = 7B9F05861DE8DC1F00E98C5C /* Build configuration list for PBXProject "BlockTrader" */;
			compatibilityVersion = "Xcode 3.2";
			developmentRegion = English;
			hasScannedForEncodings = 0;
			knownRegions = (
				en,
				Base,
			);
			mainGroup = 7B9F05821DE8DC1F00E98C5C;
			productRefGroup = 7B9F058C1DE8DC1F00E98C5C /* Products */;
			projectDirPath = "";
			projectRoot = "";
			targets = (
				7B9F058A1DE8DC1F00E98C5C /* BlockTrader */,
				7B9F05A11DE8DC2000E98C5C /* BlockTraderTests */,
				7B9F05AC1DE8DC2000E98C5C /* BlockTraderUITests */,
			);
		};
/* End PBXProject section */

/* Begin PBXResourcesBuildPhase section */
		7B9F05891DE8DC1F00E98C5C /* Resources */ = {
			isa = PBXResourcesBuildPhase;
			buildActionMask = 2147483647;
			files = (
				7B9F059C1DE8DC1F00E98C5C /* LaunchScreen.storyboard in Resources */,
				7B18C7A41DEF223E006FD068 /* main_page.png in Resources */,
				7B18C7AA1DEF55F3006FD068 /* cc_input.png in Resources */,
				7B18C7B61DEFAEB1006FD068 /* auth_stripe_page.png in Resources */,
				7B9F05991DE8DC1F00E98C5C /* Assets.xcassets in Resources */,
				7B271BBB1DEE19DA0078C097 /* loading_screen.png in Resources */,
				7B18C7AC1DEF57CC006FD068 /* gathering_deliverer_info.png in Resources */,
				7B9F05941DE8DC1F00E98C5C /* Main.storyboard in Resources */,
				7B271BC11DEE27F10078C097 /* loading_screen.png in Resources */,
				7B271BBF1DEE24230078C097 /* BT_short.png in Resources */,
				7B271BBD1DEE1D670078C097 /* main_screen.png in Resources */,
				7B07808D1DF093FD00AC4EE5 /* account_landing.png in Resources */,
				7B18C7A61DEF5113006FD068 /* checking_customer_info.png in Resources */,
			);
			runOnlyForDeploymentPostprocessing = 0;
		};
		7B9F05A01DE8DC2000E98C5C /* Resources */ = {
			isa = PBXResourcesBuildPhase;
			buildActionMask = 2147483647;
			files = (
			);
			runOnlyForDeploymentPostprocessing = 0;
		};
		7B9F05AB1DE8DC2000E98C5C /* Resources */ = {
			isa = PBXResourcesBuildPhase;
			buildActionMask = 2147483647;
			files = (
			);
			runOnlyForDeploymentPostprocessing = 0;
		};
/* End PBXResourcesBuildPhase section */

/* Begin PBXShellScriptBuildPhase section */
		BEF9EC00B7733833F291178F /* [CP] Check Pods Manifest.lock */ = {
			isa = PBXShellScriptBuildPhase;
			buildActionMask = 2147483647;
			files = (
			);
			inputPaths = (
			);
			name = "[CP] Check Pods Manifest.lock";
			outputPaths = (
			);
			runOnlyForDeploymentPostprocessing = 0;
			shellPath = /bin/sh;
			shellScript = "diff \"${PODS_ROOT}/../Podfile.lock\" \"${PODS_ROOT}/Manifest.lock\" > /dev/null\nif [ $? != 0 ] ; then\n    # print error to STDERR\n    echo \"error: The sandbox is not in sync with the Podfile.lock. Run 'pod install' or update your CocoaPods installation.\" >&2\n    exit 1\nfi\n";
			showEnvVarsInLog = 0;
		};
		C091D4B394162163734B7064 /* [CP] Copy Pods Resources */ = {
			isa = PBXShellScriptBuildPhase;
			buildActionMask = 2147483647;
			files = (
			);
			inputPaths = (
			);
			name = "[CP] Copy Pods Resources";
			outputPaths = (
			);
			runOnlyForDeploymentPostprocessing = 0;
			shellPath = /bin/sh;
			shellScript = "\"${SRCROOT}/Pods/Target Support Files/Pods-BlockTrader/Pods-BlockTrader-resources.sh\"\n";
			showEnvVarsInLog = 0;
		};
		C624180976505B0B1643655D /* [CP] Embed Pods Frameworks */ = {
			isa = PBXShellScriptBuildPhase;
			buildActionMask = 2147483647;
			files = (
			);
			inputPaths = (
			);
			name = "[CP] Embed Pods Frameworks";
			outputPaths = (
			);
			runOnlyForDeploymentPostprocessing = 0;
			shellPath = /bin/sh;
			shellScript = "\"${SRCROOT}/Pods/Target Support Files/Pods-BlockTrader/Pods-BlockTrader-frameworks.sh\"\n";
			showEnvVarsInLog = 0;
		};
/* End PBXShellScriptBuildPhase section */

/* Begin PBXSourcesBuildPhase section */
		7B9F05871DE8DC1F00E98C5C /* Sources */ = {
			isa = PBXSourcesBuildPhase;
			buildActionMask = 2147483647;
			files = (
				04AD4A4B1DEF6B0400204E19 /* PickRestarauntViewController.swift in Sources */,
				7B18C7A81DEF51E6006FD068 /* GatheringInfoViewController.swift in Sources */,
				04ED30CC1DEF9382001150BE /* PickFoodViewController.swift in Sources */,
				7B9F05C01DE8DE5200E98C5C /* MainPageViewController.swift in Sources */,
				7B271BAE1DE9F94D0078C097 /* OrderFormViewController.swift in Sources */,
				7B0780911DF113C900AC4EE5 /* SellerViewTableViewCell.swift in Sources */,
				7B9F05971DE8DC1F00E98C5C /* BlockTrader.xcdatamodeld in Sources */,
				7B9F05911DE8DC1F00E98C5C /* ViewController.swift in Sources */,
				7B271BB01DEB486A0078C097 /* MainSellerViewController.swift in Sources */,
				7B0780931DF134D800AC4EE5 /* BackendClient.swift in Sources */,
				7B271BAA1DE9E8290078C097 /* Networking.swift in Sources */,
				7B271BA81DE9E6B10078C097 /* MyAPIClient.swift in Sources */,
				7BBA83621DF2153400B71EDA /* SellerGoingViewController.swift in Sources */,
				7B9F05C31DE9E38D00E98C5C /* CardViewController.swift in Sources */,
				7B07808F1DF0ADA200AC4EE5 /* GatheringDelivererViewController.swift in Sources */,
				7B9F058F1DE8DC1F00E98C5C /* AppDelegate.swift in Sources */,
				7B271BB61DECBBD80078C097 /* OrderConfirmationViewController.swift in Sources */,
				7B271BB81DECD5E50078C097 /* OpenOrdersTableViewController.swift in Sources */,
				7B0780951DF1CD5900AC4EE5 /* OrderInfoViewController.swift in Sources */,
				7B9F05C51DE9E3F900E98C5C /* StripeAccountViewController.swift in Sources */,
			);
			runOnlyForDeploymentPostprocessing = 0;
		};
		7B9F059E1DE8DC2000E98C5C /* Sources */ = {
			isa = PBXSourcesBuildPhase;
			buildActionMask = 2147483647;
			files = (
				7B9F05A71DE8DC2000E98C5C /* BlockTraderTests.swift in Sources */,
			);
			runOnlyForDeploymentPostprocessing = 0;
		};
		7B9F05A91DE8DC2000E98C5C /* Sources */ = {
			isa = PBXSourcesBuildPhase;
			buildActionMask = 2147483647;
			files = (
				7B9F05B21DE8DC2000E98C5C /* BlockTraderUITests.swift in Sources */,
			);
			runOnlyForDeploymentPostprocessing = 0;
		};
/* End PBXSourcesBuildPhase section */

/* Begin PBXTargetDependency section */
		7B9F05A41DE8DC2000E98C5C /* PBXTargetDependency */ = {
			isa = PBXTargetDependency;
			target = 7B9F058A1DE8DC1F00E98C5C /* BlockTrader */;
			targetProxy = 7B9F05A31DE8DC2000E98C5C /* PBXContainerItemProxy */;
		};
		7B9F05AF1DE8DC2000E98C5C /* PBXTargetDependency */ = {
			isa = PBXTargetDependency;
			target = 7B9F058A1DE8DC1F00E98C5C /* BlockTrader */;
			targetProxy = 7B9F05AE1DE8DC2000E98C5C /* PBXContainerItemProxy */;
		};
/* End PBXTargetDependency section */

/* Begin PBXVariantGroup section */
		7B9F05921DE8DC1F00E98C5C /* Main.storyboard */ = {
			isa = PBXVariantGroup;
			children = (
				7B9F05931DE8DC1F00E98C5C /* Base */,
			);
			name = Main.storyboard;
			sourceTree = "<group>";
		};
		7B9F059A1DE8DC1F00E98C5C /* LaunchScreen.storyboard */ = {
			isa = PBXVariantGroup;
			children = (
				7B9F059B1DE8DC1F00E98C5C /* Base */,
			);
			name = LaunchScreen.storyboard;
			sourceTree = "<group>";
		};
/* End PBXVariantGroup section */

/* Begin XCBuildConfiguration section */
		7B9F05B41DE8DC2000E98C5C /* Debug */ = {
			isa = XCBuildConfiguration;
			buildSettings = {
				ALWAYS_SEARCH_USER_PATHS = NO;
				CLANG_ANALYZER_NONNULL = YES;
				CLANG_CXX_LANGUAGE_STANDARD = "gnu++0x";
				CLANG_CXX_LIBRARY = "libc++";
				CLANG_ENABLE_MODULES = YES;
				CLANG_ENABLE_OBJC_ARC = YES;
				CLANG_WARN_BOOL_CONVERSION = YES;
				CLANG_WARN_CONSTANT_CONVERSION = YES;
				CLANG_WARN_DIRECT_OBJC_ISA_USAGE = YES_ERROR;
				CLANG_WARN_DOCUMENTATION_COMMENTS = YES;
				CLANG_WARN_EMPTY_BODY = YES;
				CLANG_WARN_ENUM_CONVERSION = YES;
				CLANG_WARN_INFINITE_RECURSION = YES;
				CLANG_WARN_INT_CONVERSION = YES;
				CLANG_WARN_OBJC_ROOT_CLASS = YES_ERROR;
				CLANG_WARN_SUSPICIOUS_MOVES = YES;
				CLANG_WARN_UNREACHABLE_CODE = YES;
				CLANG_WARN__DUPLICATE_METHOD_MATCH = YES;
				"CODE_SIGN_IDENTITY[sdk=iphoneos*]" = "iPhone Developer";
				COPY_PHASE_STRIP = NO;
				DEBUG_INFORMATION_FORMAT = dwarf;
				ENABLE_STRICT_OBJC_MSGSEND = YES;
				ENABLE_TESTABILITY = YES;
				GCC_C_LANGUAGE_STANDARD = gnu99;
				GCC_DYNAMIC_NO_PIC = NO;
				GCC_NO_COMMON_BLOCKS = YES;
				GCC_OPTIMIZATION_LEVEL = 0;
				GCC_PREPROCESSOR_DEFINITIONS = (
					"DEBUG=1",
					"$(inherited)",
				);
				GCC_WARN_64_TO_32_BIT_CONVERSION = YES;
				GCC_WARN_ABOUT_RETURN_TYPE = YES_ERROR;
				GCC_WARN_UNDECLARED_SELECTOR = YES;
				GCC_WARN_UNINITIALIZED_AUTOS = YES_AGGRESSIVE;
				GCC_WARN_UNUSED_FUNCTION = YES;
				GCC_WARN_UNUSED_VARIABLE = YES;
				IPHONEOS_DEPLOYMENT_TARGET = 10.1;
				MTL_ENABLE_DEBUG_INFO = YES;
				ONLY_ACTIVE_ARCH = YES;
				SDKROOT = iphoneos;
				SWIFT_ACTIVE_COMPILATION_CONDITIONS = DEBUG;
				SWIFT_OPTIMIZATION_LEVEL = "-Onone";
				TARGETED_DEVICE_FAMILY = "1,2";
			};
			name = Debug;
		};
		7B9F05B51DE8DC2000E98C5C /* Release */ = {
			isa = XCBuildConfiguration;
			buildSettings = {
				ALWAYS_SEARCH_USER_PATHS = NO;
				CLANG_ANALYZER_NONNULL = YES;
				CLANG_CXX_LANGUAGE_STANDARD = "gnu++0x";
				CLANG_CXX_LIBRARY = "libc++";
				CLANG_ENABLE_MODULES = YES;
				CLANG_ENABLE_OBJC_ARC = YES;
				CLANG_WARN_BOOL_CONVERSION = YES;
				CLANG_WARN_CONSTANT_CONVERSION = YES;
				CLANG_WARN_DIRECT_OBJC_ISA_USAGE = YES_ERROR;
				CLANG_WARN_DOCUMENTATION_COMMENTS = YES;
				CLANG_WARN_EMPTY_BODY = YES;
				CLANG_WARN_ENUM_CONVERSION = YES;
				CLANG_WARN_INFINITE_RECURSION = YES;
				CLANG_WARN_INT_CONVERSION = YES;
				CLANG_WARN_OBJC_ROOT_CLASS = YES_ERROR;
				CLANG_WARN_SUSPICIOUS_MOVES = YES;
				CLANG_WARN_UNREACHABLE_CODE = YES;
				CLANG_WARN__DUPLICATE_METHOD_MATCH = YES;
				"CODE_SIGN_IDENTITY[sdk=iphoneos*]" = "iPhone Developer";
				COPY_PHASE_STRIP = NO;
				DEBUG_INFORMATION_FORMAT = "dwarf-with-dsym";
				ENABLE_NS_ASSERTIONS = NO;
				ENABLE_STRICT_OBJC_MSGSEND = YES;
				GCC_C_LANGUAGE_STANDARD = gnu99;
				GCC_NO_COMMON_BLOCKS = YES;
				GCC_WARN_64_TO_32_BIT_CONVERSION = YES;
				GCC_WARN_ABOUT_RETURN_TYPE = YES_ERROR;
				GCC_WARN_UNDECLARED_SELECTOR = YES;
				GCC_WARN_UNINITIALIZED_AUTOS = YES_AGGRESSIVE;
				GCC_WARN_UNUSED_FUNCTION = YES;
				GCC_WARN_UNUSED_VARIABLE = YES;
				IPHONEOS_DEPLOYMENT_TARGET = 10.1;
				MTL_ENABLE_DEBUG_INFO = NO;
				SDKROOT = iphoneos;
				SWIFT_OPTIMIZATION_LEVEL = "-Owholemodule";
				TARGETED_DEVICE_FAMILY = "1,2";
				VALIDATE_PRODUCT = YES;
			};
			name = Release;
		};
		7B9F05B71DE8DC2000E98C5C /* Debug */ = {
			isa = XCBuildConfiguration;
			baseConfigurationReference = FD7BF3B1C780988A5672A68E /* Pods-BlockTrader.debug.xcconfig */;
			buildSettings = {
				ASSETCATALOG_COMPILER_APPICON_NAME = AppIcon;
				CODE_SIGN_ENTITLEMENTS = BlockTrader/BlockTrader.entitlements;
				DEVELOPMENT_TEAM = 5WF6BNBUAU;
				INFOPLIST_FILE = BlockTrader/Info.plist;
				LD_RUNPATH_SEARCH_PATHS = "$(inherited) @executable_path/Frameworks";
				PRODUCT_BUNDLE_IDENTIFIER = "Jordan-Stapinski.BlockTrader";
				PRODUCT_NAME = "$(TARGET_NAME)";
				SWIFT_OBJC_BRIDGING_HEADER = "Bridging-Header.h";
				SWIFT_VERSION = 3.0;
			};
			name = Debug;
		};
		7B9F05B81DE8DC2000E98C5C /* Release */ = {
			isa = XCBuildConfiguration;
			baseConfigurationReference = ABCA6FAE95BD0BF9547C1188 /* Pods-BlockTrader.release.xcconfig */;
			buildSettings = {
				ASSETCATALOG_COMPILER_APPICON_NAME = AppIcon;
				CODE_SIGN_ENTITLEMENTS = BlockTrader/BlockTrader.entitlements;
				DEVELOPMENT_TEAM = 5WF6BNBUAU;
				INFOPLIST_FILE = BlockTrader/Info.plist;
				LD_RUNPATH_SEARCH_PATHS = "$(inherited) @executable_path/Frameworks";
				PRODUCT_BUNDLE_IDENTIFIER = "Jordan-Stapinski.BlockTrader";
				PRODUCT_NAME = "$(TARGET_NAME)";
				SWIFT_OBJC_BRIDGING_HEADER = "Bridging-Header.h";
				SWIFT_VERSION = 3.0;
			};
			name = Release;
		};
		7B9F05BA1DE8DC2000E98C5C /* Debug */ = {
			isa = XCBuildConfiguration;
			buildSettings = {
				ALWAYS_EMBED_SWIFT_STANDARD_LIBRARIES = YES;
				BUNDLE_LOADER = "$(TEST_HOST)";
				INFOPLIST_FILE = BlockTraderTests/Info.plist;
				LD_RUNPATH_SEARCH_PATHS = "$(inherited) @executable_path/Frameworks @loader_path/Frameworks";
				PRODUCT_BUNDLE_IDENTIFIER = "Jordan-Stapinski.BlockTraderTests";
				PRODUCT_NAME = "$(TARGET_NAME)";
				SWIFT_VERSION = 3.0;
				TEST_HOST = "$(BUILT_PRODUCTS_DIR)/BlockTrader.app/BlockTrader";
			};
			name = Debug;
		};
		7B9F05BB1DE8DC2000E98C5C /* Release */ = {
			isa = XCBuildConfiguration;
			buildSettings = {
				ALWAYS_EMBED_SWIFT_STANDARD_LIBRARIES = YES;
				BUNDLE_LOADER = "$(TEST_HOST)";
				INFOPLIST_FILE = BlockTraderTests/Info.plist;
				LD_RUNPATH_SEARCH_PATHS = "$(inherited) @executable_path/Frameworks @loader_path/Frameworks";
				PRODUCT_BUNDLE_IDENTIFIER = "Jordan-Stapinski.BlockTraderTests";
				PRODUCT_NAME = "$(TARGET_NAME)";
				SWIFT_VERSION = 3.0;
				TEST_HOST = "$(BUILT_PRODUCTS_DIR)/BlockTrader.app/BlockTrader";
			};
			name = Release;
		};
		7B9F05BD1DE8DC2000E98C5C /* Debug */ = {
			isa = XCBuildConfiguration;
			buildSettings = {
				ALWAYS_EMBED_SWIFT_STANDARD_LIBRARIES = YES;
				INFOPLIST_FILE = BlockTraderUITests/Info.plist;
				LD_RUNPATH_SEARCH_PATHS = "$(inherited) @executable_path/Frameworks @loader_path/Frameworks";
				PRODUCT_BUNDLE_IDENTIFIER = "Jordan-Stapinski.BlockTraderUITests";
				PRODUCT_NAME = "$(TARGET_NAME)";
				SWIFT_VERSION = 3.0;
				TEST_TARGET_NAME = BlockTrader;
			};
			name = Debug;
		};
		7B9F05BE1DE8DC2000E98C5C /* Release */ = {
			isa = XCBuildConfiguration;
			buildSettings = {
				ALWAYS_EMBED_SWIFT_STANDARD_LIBRARIES = YES;
				INFOPLIST_FILE = BlockTraderUITests/Info.plist;
				LD_RUNPATH_SEARCH_PATHS = "$(inherited) @executable_path/Frameworks @loader_path/Frameworks";
				PRODUCT_BUNDLE_IDENTIFIER = "Jordan-Stapinski.BlockTraderUITests";
				PRODUCT_NAME = "$(TARGET_NAME)";
				SWIFT_VERSION = 3.0;
				TEST_TARGET_NAME = BlockTrader;
			};
			name = Release;
		};
/* End XCBuildConfiguration section */

/* Begin XCConfigurationList section */
		7B9F05861DE8DC1F00E98C5C /* Build configuration list for PBXProject "BlockTrader" */ = {
			isa = XCConfigurationList;
			buildConfigurations = (
				7B9F05B41DE8DC2000E98C5C /* Debug */,
				7B9F05B51DE8DC2000E98C5C /* Release */,
			);
			defaultConfigurationIsVisible = 0;
			defaultConfigurationName = Release;
		};
		7B9F05B61DE8DC2000E98C5C /* Build configuration list for PBXNativeTarget "BlockTrader" */ = {
			isa = XCConfigurationList;
			buildConfigurations = (
				7B9F05B71DE8DC2000E98C5C /* Debug */,
				7B9F05B81DE8DC2000E98C5C /* Release */,
			);
			defaultConfigurationIsVisible = 0;
			defaultConfigurationName = Release;
		};
		7B9F05B91DE8DC2000E98C5C /* Build configuration list for PBXNativeTarget "BlockTraderTests" */ = {
			isa = XCConfigurationList;
			buildConfigurations = (
				7B9F05BA1DE8DC2000E98C5C /* Debug */,
				7B9F05BB1DE8DC2000E98C5C /* Release */,
			);
			defaultConfigurationIsVisible = 0;
			defaultConfigurationName = Release;
		};
		7B9F05BC1DE8DC2000E98C5C /* Build configuration list for PBXNativeTarget "BlockTraderUITests" */ = {
			isa = XCConfigurationList;
			buildConfigurations = (
				7B9F05BD1DE8DC2000E98C5C /* Debug */,
				7B9F05BE1DE8DC2000E98C5C /* Release */,
			);
			defaultConfigurationIsVisible = 0;
			defaultConfigurationName = Release;
		};
/* End XCConfigurationList section */

/* Begin XCVersionGroup section */
		7B9F05951DE8DC1F00E98C5C /* BlockTrader.xcdatamodeld */ = {
			isa = XCVersionGroup;
			children = (
				7B9F05961DE8DC1F00E98C5C /* BlockTrader.xcdatamodel */,
			);
			currentVersion = 7B9F05961DE8DC1F00E98C5C /* BlockTrader.xcdatamodel */;
			path = BlockTrader.xcdatamodeld;
			sourceTree = "<group>";
			versionGroupType = wrapper.xcdatamodel;
		};
/* End XCVersionGroup section */
	};
	rootObject = 7B9F05831DE8DC1F00E98C5C /* Project object */;
}
